
Microsoft Visual Studio Solution File, Format Version 12.00
# Visual Studio Version 17
VisualStudioVersion = 17.6.33815.320
MinimumVisualStudioVersion = 10.0.40219.1
Project("{FAE04EC0-301F-11D3-BF4B-00C04F79EFBC}") = "Core", "Core\Core.csproj", "{9789E65F-58E1-4A46-A935-6ADBDF54EABB}"
EndProject
Project("{FAE04EC0-301F-11D3-BF4B-00C04F79EFBC}") = "Business", "Business\Business.csproj", "{59D8D2FF-5408-49F3-8993-488F461A6BDA}"
EndProject
Project("{FAE04EC0-301F-11D3-BF4B-00C04F79EFBC}") = "Entities", "Entities\Entities.csproj", "{86011493-3943-48AE-813F-DDFD45E0CAA2}"
EndProject
Project("{FAE04EC0-301F-11D3-BF4B-00C04F79EFBC}") = "DataAccessLayer", "DataAccessLayer\DataAccessLayer.csproj", "{08995521-14C4-49C9-82C9-2B6FBDEE3912}"
EndProject
Project("{FAE04EC0-301F-11D3-BF4B-00C04F79EFBC}") = "WebApi", "WebApi\WebApi.csproj", "{F9042904-6E3B-4E25-999D-AE8AFAFEB2A9}"
EndProject
Global
	GlobalSection(SolutionConfigurationPlatforms) = preSolution
		Debug|Any CPU = Debug|Any CPU
		Release|Any CPU = Release|Any CPU
	EndGlobalSection
	GlobalSection(ProjectConfigurationPlatforms) = postSolution
		{9789E65F-58E1-4A46-A935-6ADBDF54EABB}.Debug|Any CPU.ActiveCfg = Debug|Any CPU
		{9789E65F-58E1-4A46-A935-6ADBDF54EABB}.Debug|Any CPU.Build.0 = Debug|Any CPU
		{9789E65F-58E1-4A46-A935-6ADBDF54EABB}.Release|Any CPU.ActiveCfg = Release|Any CPU
		{9789E65F-58E1-4A46-A935-6ADBDF54EABB}.Release|Any CPU.Build.0 = Release|Any CPU
		{59D8D2FF-5408-49F3-8993-488F461A6BDA}.Debug|Any CPU.ActiveCfg = Debug|Any CPU
		{59D8D2FF-5408-49F3-8993-488F461A6BDA}.Debug|Any CPU.Build.0 = Debug|Any CPU
		{59D8D2FF-5408-49F3-8993-488F461A6BDA}.Release|Any CPU.ActiveCfg = Release|Any CPU
		{59D8D2FF-5408-49F3-8993-488F461A6BDA}.Release|Any CPU.Build.0 = Release|Any CPU
		{86011493-3943-48AE-813F-DDFD45E0CAA2}.Debug|Any CPU.ActiveCfg = Debug|Any CPU
		{86011493-3943-48AE-813F-DDFD45E0CAA2}.Debug|Any CPU.Build.0 = Debug|Any CPU
		{86011493-3943-48AE-813F-DDFD45E0CAA2}.Release|Any CPU.ActiveCfg = Release|Any CPU
		{86011493-3943-48AE-813F-DDFD45E0CAA2}.Release|Any CPU.Build.0 = Release|Any CPU
		{08995521-14C4-49C9-82C9-2B6FBDEE3912}.Debug|Any CPU.ActiveCfg = Debug|Any CPU
		{08995521-14C4-49C9-82C9-2B6FBDEE3912}.Debug|Any CPU.Build.0 = Debug|Any CPU
		{08995521-14C4-49C9-82C9-2B6FBDEE3912}.Release|Any CPU.ActiveCfg = Release|Any CPU
		{08995521-14C4-49C9-82C9-2B6FBDEE3912}.Release|Any CPU.Build.0 = Release|Any CPU
		{F9042904-6E3B-4E25-999D-AE8AFAFEB2A9}.Debug|Any CPU.ActiveCfg = Debug|Any CPU
		{F9042904-6E3B-4E25-999D-AE8AFAFEB2A9}.Debug|Any CPU.Build.0 = Debug|Any CPU
		{F9042904-6E3B-4E25-999D-AE8AFAFEB2A9}.Release|Any CPU.ActiveCfg = Release|Any CPU
		{F9042904-6E3B-4E25-999D-AE8AFAFEB2A9}.Release|Any CPU.Build.0 = Release|Any CPU
	EndGlobalSection
	GlobalSection(SolutionProperties) = preSolution
		HideSolutionNode = FALSE
	EndGlobalSection
	GlobalSection(ExtensibilityGlobals) = postSolution
		SolutionGuid = {AD647B42-86B6-454A-9D4E-56B3156812AA}
	EndGlobalSection
EndGlobal
